// !$*UTF8*$!
{
	archiveVersion = 1;
	classes = {
	};
	objectVersion = 46;
	objects = {

/* Begin PBXBuildFile section */
		9B1737281B8DD5C00033BEAD /* GameScene1.sks in Resources */ = {isa = PBXBuildFile; fileRef = 9B1737251B8DD5C00033BEAD /* GameScene1.sks */; };
		9B1737291B8DD5C00033BEAD /* GameScene2.sks in Resources */ = {isa = PBXBuildFile; fileRef = 9B1737261B8DD5C00033BEAD /* GameScene2.sks */; };
		9B17372A1B8DD5C00033BEAD /* GameScene3.sks in Resources */ = {isa = PBXBuildFile; fileRef = 9B1737271B8DD5C00033BEAD /* GameScene3.sks */; };
		9B19ECC81B8DDD7800552D11 /* CodeViewController.swift in Sources */ = {isa = PBXBuildFile; fileRef = 9B19ECC71B8DDD7800552D11 /* CodeViewController.swift */; };
		9B19ECCA1B8DF26800552D11 /* Config.plist in Resources */ = {isa = PBXBuildFile; fileRef = 9B19ECC91B8DF26800552D11 /* Config.plist */; };
		9B19ECCD1B8E184D00552D11 /* Character.swift in Sources */ = {isa = PBXBuildFile; fileRef = 9B19ECCC1B8E184D00552D11 /* Character.swift */; };
		9B19ECCF1B8E1DDC00552D11 /* elf.atlas in Resources */ = {isa = PBXBuildFile; fileRef = 9B19ECCE1B8E1DDC00552D11 /* elf.atlas */; };
		9B19ECD11B8F3F8100552D11 /* GameExtensions.swift in Sources */ = {isa = PBXBuildFile; fileRef = 9B19ECD01B8F3F8100552D11 /* GameExtensions.swift */; };
		9B19ECD31B8F4EDC00552D11 /* TestViewController.swift in Sources */ = {isa = PBXBuildFile; fileRef = 9B19ECD21B8F4EDC00552D11 /* TestViewController.swift */; };
		9B19ECD51B8F575500552D11 /* OptionsViewController.swift in Sources */ = {isa = PBXBuildFile; fileRef = 9B19ECD41B8F575500552D11 /* OptionsViewController.swift */; };
		9B19ECDA1B8F5F0600552D11 /* source_1.html in Resources */ = {isa = PBXBuildFile; fileRef = 9B19ECD71B8F5F0600552D11 /* source_1.html */; };
		9B19ECDB1B8F5F0600552D11 /* source_2.html in Resources */ = {isa = PBXBuildFile; fileRef = 9B19ECD81B8F5F0600552D11 /* source_2.html */; };
		9B19ECDC1B8F5F0600552D11 /* source_3.html in Resources */ = {isa = PBXBuildFile; fileRef = 9B19ECD91B8F5F0600552D11 /* source_3.html */; };
		9B19ECDE1B8F6E2800552D11 /* GameScene4.sks in Resources */ = {isa = PBXBuildFile; fileRef = 9B19ECDD1B8F6E2800552D11 /* GameScene4.sks */; };
		9B19ECE01B8F707400552D11 /* source_4.html in Resources */ = {isa = PBXBuildFile; fileRef = 9B19ECDF1B8F707400552D11 /* source_4.html */; };
		9B19ECE21B8F729E00552D11 /* GameScene5.sks in Resources */ = {isa = PBXBuildFile; fileRef = 9B19ECE11B8F729E00552D11 /* GameScene5.sks */; };
		9B19ECE41B8F735900552D11 /* source_5.html in Resources */ = {isa = PBXBuildFile; fileRef = 9B19ECE31B8F735900552D11 /* source_5.html */; };
		9B19ECE61B9073DF00552D11 /* GameScene8.sks in Resources */ = {isa = PBXBuildFile; fileRef = 9B19ECE51B9073DF00552D11 /* GameScene8.sks */; };
		9B19ECE81B9073ED00552D11 /* source_8.html in Resources */ = {isa = PBXBuildFile; fileRef = 9B19ECE71B9073ED00552D11 /* source_8.html */; };
		9B2B45CE1B970A7400092DC3 /* GameScene10.sks in Resources */ = {isa = PBXBuildFile; fileRef = 9B2B45CD1B970A7400092DC3 /* GameScene10.sks */; settings = {ASSET_TAGS = (); }; };
		9B2B45D01B970AB000092DC3 /* source_10.html in Resources */ = {isa = PBXBuildFile; fileRef = 9B2B45CF1B970AB000092DC3 /* source_10.html */; settings = {ASSET_TAGS = (); }; };
		9B3D662F1B99C42900B4EEB9 /* Portal.sks in Resources */ = {isa = PBXBuildFile; fileRef = 9B3D662E1B99C42900B4EEB9 /* Portal.sks */; settings = {ASSET_TAGS = (); }; };
		9B93C6601B90BBAA0059E555 /* SpeakBoxController.swift in Sources */ = {isa = PBXBuildFile; fileRef = 9B93C65F1B90BBAA0059E555 /* SpeakBoxController.swift */; };
		9B93C6641B9360790059E555 /* 8BitLoop.mp3 in Resources */ = {isa = PBXBuildFile; fileRef = 9B93C6631B9360790059E555 /* 8BitLoop.mp3 */; settings = {ASSET_TAGS = (); }; };
		9B945DA31B90893A009094AE /* source_9.html in Resources */ = {isa = PBXBuildFile; fileRef = 9B945DA11B90893A009094AE /* source_9.html */; };
		9B945DA71B908956009094AE /* GameScene9.sks in Resources */ = {isa = PBXBuildFile; fileRef = 9B945DA51B908956009094AE /* GameScene9.sks */; };
		A5013AEB1B8D9EB600AD3B6C /* AppDelegate.swift in Sources */ = {isa = PBXBuildFile; fileRef = A5013AEA1B8D9EB600AD3B6C /* AppDelegate.swift */; };
		A5013AEF1B8D9EB600AD3B6C /* GameScene.swift in Sources */ = {isa = PBXBuildFile; fileRef = A5013AEE1B8D9EB600AD3B6C /* GameScene.swift */; };
		A5013AF11B8D9EB600AD3B6C /* GameViewController.swift in Sources */ = {isa = PBXBuildFile; fileRef = A5013AF01B8D9EB600AD3B6C /* GameViewController.swift */; };
		A5013AF41B8D9EB600AD3B6C /* Main.storyboard in Resources */ = {isa = PBXBuildFile; fileRef = A5013AF21B8D9EB600AD3B6C /* Main.storyboard */; };
		A5013AF61B8D9EB600AD3B6C /* Images.xcassets in Resources */ = {isa = PBXBuildFile; fileRef = A5013AF51B8D9EB600AD3B6C /* Images.xcassets */; };
		A5013AF91B8D9EB600AD3B6C /* LaunchScreen.xib in Resources */ = {isa = PBXBuildFile; fileRef = A5013AF71B8D9EB600AD3B6C /* LaunchScreen.xib */; };
		A5013B051B8D9EB600AD3B6C /* SpriteKitTankTalkTests.swift in Sources */ = {isa = PBXBuildFile; fileRef = A5013B041B8D9EB600AD3B6C /* SpriteKitTankTalkTests.swift */; };
		A5013B0F1B8D9F5500AD3B6C /* GameSceneGenerator.swift in Sources */ = {isa = PBXBuildFile; fileRef = A5013B0E1B8D9F5500AD3B6C /* GameSceneGenerator.swift */; };
		A5013B131B8E821700AD3B6C /* SpeechSynthesizer.swift in Sources */ = {isa = PBXBuildFile; fileRef = A5013B121B8E821700AD3B6C /* SpeechSynthesizer.swift */; };
		A57418371B8FC92800A79A78 /* source_6.html in Resources */ = {isa = PBXBuildFile; fileRef = A57418361B8FC92800A79A78 /* source_6.html */; };
		A57418391B8FC98400A79A78 /* GameScene6.sks in Resources */ = {isa = PBXBuildFile; fileRef = A57418381B8FC98400A79A78 /* GameScene6.sks */; };
		A574183D1B8FD2BB00A79A78 /* source_7.html in Resources */ = {isa = PBXBuildFile; fileRef = A574183C1B8FD2BB00A79A78 /* source_7.html */; };
		A574183F1B8FD33300A79A78 /* GameScene7.sks in Resources */ = {isa = PBXBuildFile; fileRef = A574183E1B8FD33300A79A78 /* GameScene7.sks */; };
		A57418421B9049DC00A79A78 /* Fire.sks in Resources */ = {isa = PBXBuildFile; fileRef = A57418401B9049DC00A79A78 /* Fire.sks */; };
		A57418431B9049DC00A79A78 /* spark.png in Resources */ = {isa = PBXBuildFile; fileRef = A57418411B9049DC00A79A78 /* spark.png */; };
		A5B0FF701B8EF7A100BA9584 /* Config.swift in Sources */ = {isa = PBXBuildFile; fileRef = A5B0FF6F1B8EF7A100BA9584 /* Config.swift */; };
		A5B0FF721B8EFD8700BA9584 /* Extensions.swift in Sources */ = {isa = PBXBuildFile; fileRef = A5B0FF711B8EFD8700BA9584 /* Extensions.swift */; };
		A5BC5F0E1B94974100019376 /* Piro.sks in Resources */ = {isa = PBXBuildFile; fileRef = A5BC5F0C1B94974100019376 /* Piro.sks */; settings = {ASSET_TAGS = (); }; };
		A5BC5F0F1B94974100019376 /* spark.png in Resources */ = {isa = PBXBuildFile; fileRef = A5BC5F0D1B94974100019376 /* spark.png */; settings = {ASSET_TAGS = (); }; };
		A5BC5F111B949FB900019376 /* overworld.mp3 in Resources */ = {isa = PBXBuildFile; fileRef = A5BC5F101B949FB900019376 /* overworld.mp3 */; settings = {ASSET_TAGS = (); }; };
/* End PBXBuildFile section */

/* Begin PBXContainerItemProxy section */
		A5013AFF1B8D9EB600AD3B6C /* PBXContainerItemProxy */ = {
			isa = PBXContainerItemProxy;
			containerPortal = A5013ADD1B8D9EB600AD3B6C /* Project object */;
			proxyType = 1;
			remoteGlobalIDString = A5013AE41B8D9EB600AD3B6C;
			remoteInfo = SpriteKitTankTalk;
		};
/* End PBXContainerItemProxy section */

/* Begin PBXFileReference section */
		9B1737251B8DD5C00033BEAD /* GameScene1.sks */ = {isa = PBXFileReference; lastKnownFileType = file.sks; path = GameScene1.sks; sourceTree = "<group>"; };
		9B1737261B8DD5C00033BEAD /* GameScene2.sks */ = {isa = PBXFileReference; lastKnownFileType = file.sks; path = GameScene2.sks; sourceTree = "<group>"; };
		9B1737271B8DD5C00033BEAD /* GameScene3.sks */ = {isa = PBXFileReference; lastKnownFileType = file.sks; path = GameScene3.sks; sourceTree = "<group>"; };
		9B19ECC71B8DDD7800552D11 /* CodeViewController.swift */ = {isa = PBXFileReference; fileEncoding = 4; lastKnownFileType = sourcecode.swift; path = CodeViewController.swift; sourceTree = "<group>"; };
		9B19ECC91B8DF26800552D11 /* Config.plist */ = {isa = PBXFileReference; fileEncoding = 4; lastKnownFileType = text.plist.xml; path = Config.plist; sourceTree = "<group>"; };
		9B19ECCC1B8E184D00552D11 /* Character.swift */ = {isa = PBXFileReference; fileEncoding = 4; lastKnownFileType = sourcecode.swift; path = Character.swift; sourceTree = "<group>"; };
		9B19ECCE1B8E1DDC00552D11 /* elf.atlas */ = {isa = PBXFileReference; lastKnownFileType = folder.skatlas; name = elf.atlas; path = _etc/elf/elf.atlas; sourceTree = SOURCE_ROOT; };
		9B19ECD01B8F3F8100552D11 /* GameExtensions.swift */ = {isa = PBXFileReference; fileEncoding = 4; lastKnownFileType = sourcecode.swift; path = GameExtensions.swift; sourceTree = "<group>"; };
		9B19ECD21B8F4EDC00552D11 /* TestViewController.swift */ = {isa = PBXFileReference; fileEncoding = 4; lastKnownFileType = sourcecode.swift; path = TestViewController.swift; sourceTree = "<group>"; };
		9B19ECD41B8F575500552D11 /* OptionsViewController.swift */ = {isa = PBXFileReference; fileEncoding = 4; lastKnownFileType = sourcecode.swift; path = OptionsViewController.swift; sourceTree = "<group>"; };
		9B19ECD71B8F5F0600552D11 /* source_1.html */ = {isa = PBXFileReference; fileEncoding = 4; lastKnownFileType = text.html; path = source_1.html; sourceTree = "<group>"; };
		9B19ECD81B8F5F0600552D11 /* source_2.html */ = {isa = PBXFileReference; fileEncoding = 4; lastKnownFileType = text.html; path = source_2.html; sourceTree = "<group>"; };
		9B19ECD91B8F5F0600552D11 /* source_3.html */ = {isa = PBXFileReference; fileEncoding = 4; lastKnownFileType = text.html; path = source_3.html; sourceTree = "<group>"; };
		9B19ECDD1B8F6E2800552D11 /* GameScene4.sks */ = {isa = PBXFileReference; lastKnownFileType = file.sks; path = GameScene4.sks; sourceTree = "<group>"; };
		9B19ECDF1B8F707400552D11 /* source_4.html */ = {isa = PBXFileReference; fileEncoding = 4; lastKnownFileType = text.html; path = source_4.html; sourceTree = "<group>"; };
		9B19ECE11B8F729E00552D11 /* GameScene5.sks */ = {isa = PBXFileReference; lastKnownFileType = file.sks; path = GameScene5.sks; sourceTree = "<group>"; };
		9B19ECE31B8F735900552D11 /* source_5.html */ = {isa = PBXFileReference; fileEncoding = 4; lastKnownFileType = text.html; path = source_5.html; sourceTree = "<group>"; };
		9B19ECE51B9073DF00552D11 /* GameScene8.sks */ = {isa = PBXFileReference; lastKnownFileType = file.sks; path = GameScene8.sks; sourceTree = "<group>"; };
		9B19ECE71B9073ED00552D11 /* source_8.html */ = {isa = PBXFileReference; fileEncoding = 4; lastKnownFileType = text.html; path = source_8.html; sourceTree = "<group>"; };
		9B2B45CD1B970A7400092DC3 /* GameScene10.sks */ = {isa = PBXFileReference; lastKnownFileType = file.sks; path = GameScene10.sks; sourceTree = "<group>"; };
		9B2B45CF1B970AB000092DC3 /* source_10.html */ = {isa = PBXFileReference; fileEncoding = 4; lastKnownFileType = text.html; path = source_10.html; sourceTree = "<group>"; };
		9B3D662E1B99C42900B4EEB9 /* Portal.sks */ = {isa = PBXFileReference; lastKnownFileType = file.sks; path = Portal.sks; sourceTree = "<group>"; };
		9B93C65F1B90BBAA0059E555 /* SpeakBoxController.swift */ = {isa = PBXFileReference; fileEncoding = 4; lastKnownFileType = sourcecode.swift; path = SpeakBoxController.swift; sourceTree = "<group>"; };
		9B93C6631B9360790059E555 /* 8BitLoop.mp3 */ = {isa = PBXFileReference; lastKnownFileType = audio.mp3; name = 8BitLoop.mp3; path = _etc/8BitLoop.mp3; sourceTree = SOURCE_ROOT; };
		9B945DA11B90893A009094AE /* source_9.html */ = {isa = PBXFileReference; fileEncoding = 4; lastKnownFileType = text.html; path = source_9.html; sourceTree = "<group>"; };
		9B945DA51B908956009094AE /* GameScene9.sks */ = {isa = PBXFileReference; lastKnownFileType = file.sks; path = GameScene9.sks; sourceTree = "<group>"; };
		A5013AE51B8D9EB600AD3B6C /* SpriteKitTankTalk.app */ = {isa = PBXFileReference; explicitFileType = wrapper.application; includeInIndex = 0; path = SpriteKitTankTalk.app; sourceTree = BUILT_PRODUCTS_DIR; };
		A5013AE91B8D9EB600AD3B6C /* Info.plist */ = {isa = PBXFileReference; lastKnownFileType = text.plist.xml; path = Info.plist; sourceTree = "<group>"; };
		A5013AEA1B8D9EB600AD3B6C /* AppDelegate.swift */ = {isa = PBXFileReference; lastKnownFileType = sourcecode.swift; path = AppDelegate.swift; sourceTree = "<group>"; };
		A5013AEE1B8D9EB600AD3B6C /* GameScene.swift */ = {isa = PBXFileReference; lastKnownFileType = sourcecode.swift; path = GameScene.swift; sourceTree = "<group>"; };
		A5013AF01B8D9EB600AD3B6C /* GameViewController.swift */ = {isa = PBXFileReference; lastKnownFileType = sourcecode.swift; path = GameViewController.swift; sourceTree = "<group>"; };
		A5013AF31B8D9EB600AD3B6C /* Base */ = {isa = PBXFileReference; lastKnownFileType = file.storyboard; name = Base; path = Base.lproj/Main.storyboard; sourceTree = "<group>"; };
		A5013AF51B8D9EB600AD3B6C /* Images.xcassets */ = {isa = PBXFileReference; lastKnownFileType = folder.assetcatalog; path = Images.xcassets; sourceTree = "<group>"; };
		A5013AF81B8D9EB600AD3B6C /* Base */ = {isa = PBXFileReference; lastKnownFileType = file.xib; name = Base; path = Base.lproj/LaunchScreen.xib; sourceTree = "<group>"; };
		A5013AFE1B8D9EB600AD3B6C /* SpriteKitTankTalkTests.xctest */ = {isa = PBXFileReference; explicitFileType = wrapper.cfbundle; includeInIndex = 0; path = SpriteKitTankTalkTests.xctest; sourceTree = BUILT_PRODUCTS_DIR; };
		A5013B031B8D9EB600AD3B6C /* Info.plist */ = {isa = PBXFileReference; lastKnownFileType = text.plist.xml; path = Info.plist; sourceTree = "<group>"; };
		A5013B041B8D9EB600AD3B6C /* SpriteKitTankTalkTests.swift */ = {isa = PBXFileReference; lastKnownFileType = sourcecode.swift; path = SpriteKitTankTalkTests.swift; sourceTree = "<group>"; };
		A5013B0E1B8D9F5500AD3B6C /* GameSceneGenerator.swift */ = {isa = PBXFileReference; fileEncoding = 4; lastKnownFileType = sourcecode.swift; path = GameSceneGenerator.swift; sourceTree = "<group>"; };
		A5013B121B8E821700AD3B6C /* SpeechSynthesizer.swift */ = {isa = PBXFileReference; fileEncoding = 4; lastKnownFileType = sourcecode.swift; path = SpeechSynthesizer.swift; sourceTree = "<group>"; };
		A57418361B8FC92800A79A78 /* source_6.html */ = {isa = PBXFileReference; fileEncoding = 4; lastKnownFileType = text.html; path = source_6.html; sourceTree = "<group>"; };
		A57418381B8FC98400A79A78 /* GameScene6.sks */ = {isa = PBXFileReference; lastKnownFileType = file.sks; path = GameScene6.sks; sourceTree = "<group>"; };
		A574183C1B8FD2BB00A79A78 /* source_7.html */ = {isa = PBXFileReference; fileEncoding = 4; lastKnownFileType = text.html; path = source_7.html; sourceTree = "<group>"; };
		A574183E1B8FD33300A79A78 /* GameScene7.sks */ = {isa = PBXFileReference; lastKnownFileType = file.sks; path = GameScene7.sks; sourceTree = "<group>"; };
		A57418401B9049DC00A79A78 /* Fire.sks */ = {isa = PBXFileReference; lastKnownFileType = file.sks; name = Fire.sks; path = _etc/Fire.sks; sourceTree = SOURCE_ROOT; };
		A57418411B9049DC00A79A78 /* spark.png */ = {isa = PBXFileReference; lastKnownFileType = image.png; name = spark.png; path = _etc/spark.png; sourceTree = SOURCE_ROOT; };
		A5B0FF6F1B8EF7A100BA9584 /* Config.swift */ = {isa = PBXFileReference; fileEncoding = 4; lastKnownFileType = sourcecode.swift; path = Config.swift; sourceTree = "<group>"; };
		A5B0FF711B8EFD8700BA9584 /* Extensions.swift */ = {isa = PBXFileReference; fileEncoding = 4; lastKnownFileType = sourcecode.swift; path = Extensions.swift; sourceTree = "<group>"; };
		A5BC5F0C1B94974100019376 /* Piro.sks */ = {isa = PBXFileReference; lastKnownFileType = file.sks; path = Piro.sks; sourceTree = "<group>"; };
		A5BC5F0D1B94974100019376 /* spark.png */ = {isa = PBXFileReference; lastKnownFileType = image.png; path = spark.png; sourceTree = "<group>"; };
		A5BC5F101B949FB900019376 /* overworld.mp3 */ = {isa = PBXFileReference; lastKnownFileType = audio.mp3; name = overworld.mp3; path = _etc/overworld.mp3; sourceTree = SOURCE_ROOT; };
/* End PBXFileReference section */

/* Begin PBXFrameworksBuildPhase section */
		A5013AE21B8D9EB600AD3B6C /* Frameworks */ = {
			isa = PBXFrameworksBuildPhase;
			buildActionMask = 2147483647;
			files = (
			);
			runOnlyForDeploymentPostprocessing = 0;
		};
		A5013AFB1B8D9EB600AD3B6C /* Frameworks */ = {
			isa = PBXFrameworksBuildPhase;
			buildActionMask = 2147483647;
			files = (
			);
			runOnlyForDeploymentPostprocessing = 0;
		};
/* End PBXFrameworksBuildPhase section */

/* Begin PBXGroup section */
		9B1737241B8DD5C00033BEAD /* scenes */ = {
			isa = PBXGroup;
			children = (
				9B1737251B8DD5C00033BEAD /* GameScene1.sks */,
				9B1737261B8DD5C00033BEAD /* GameScene2.sks */,
				9B1737271B8DD5C00033BEAD /* GameScene3.sks */,
				9B19ECDD1B8F6E2800552D11 /* GameScene4.sks */,
				9B19ECE11B8F729E00552D11 /* GameScene5.sks */,
				A57418381B8FC98400A79A78 /* GameScene6.sks */,
				A574183E1B8FD33300A79A78 /* GameScene7.sks */,
				9B19ECE51B9073DF00552D11 /* GameScene8.sks */,
				9B945DA51B908956009094AE /* GameScene9.sks */,
				9B2B45CD1B970A7400092DC3 /* GameScene10.sks */,
			);
			path = scenes;
			sourceTree = "<group>";
		};
		9B19ECCB1B8DF43300552D11 /* View Controllers */ = {
			isa = PBXGroup;
			children = (
				A5013AEA1B8D9EB600AD3B6C /* AppDelegate.swift */,
				A5013AF01B8D9EB600AD3B6C /* GameViewController.swift */,
				9B19ECC71B8DDD7800552D11 /* CodeViewController.swift */,
				A5013AEE1B8D9EB600AD3B6C /* GameScene.swift */,
				9B19ECD01B8F3F8100552D11 /* GameExtensions.swift */,
				9B19ECD21B8F4EDC00552D11 /* TestViewController.swift */,
				9B19ECD41B8F575500552D11 /* OptionsViewController.swift */,
				9B93C65F1B90BBAA0059E555 /* SpeakBoxController.swift */,
			);
			name = "View Controllers";
			sourceTree = "<group>";
		};
		9B19ECD61B8F5F0600552D11 /* html */ = {
			isa = PBXGroup;
			children = (
				9B19ECD71B8F5F0600552D11 /* source_1.html */,
				9B19ECD81B8F5F0600552D11 /* source_2.html */,
				9B19ECD91B8F5F0600552D11 /* source_3.html */,
				9B19ECDF1B8F707400552D11 /* source_4.html */,
				9B19ECE31B8F735900552D11 /* source_5.html */,
				A57418361B8FC92800A79A78 /* source_6.html */,
				A574183C1B8FD2BB00A79A78 /* source_7.html */,
				9B19ECE71B9073ED00552D11 /* source_8.html */,
				9B945DA11B90893A009094AE /* source_9.html */,
				9B2B45CF1B970AB000092DC3 /* source_10.html */,
			);
			name = html;
			path = _etc/html;
			sourceTree = SOURCE_ROOT;
		};
		A5013ADC1B8D9EB600AD3B6C = {
			isa = PBXGroup;
			children = (
				A5013AE71B8D9EB600AD3B6C /* SpriteKitTankTalk */,
				A5013B011B8D9EB600AD3B6C /* SpriteKitTankTalkTests */,
				A5013AE61B8D9EB600AD3B6C /* Products */,
			);
			sourceTree = "<group>";
		};
		A5013AE61B8D9EB600AD3B6C /* Products */ = {
			isa = PBXGroup;
			children = (
				A5013AE51B8D9EB600AD3B6C /* SpriteKitTankTalk.app */,
				A5013AFE1B8D9EB600AD3B6C /* SpriteKitTankTalkTests.xctest */,
			);
			name = Products;
			sourceTree = "<group>";
		};
		A5013AE71B8D9EB600AD3B6C /* SpriteKitTankTalk */ = {
			isa = PBXGroup;
			children = (
				9B19ECCB1B8DF43300552D11 /* View Controllers */,
				9B1737241B8DD5C00033BEAD /* scenes */,
				A5013B0E1B8D9F5500AD3B6C /* GameSceneGenerator.swift */,
				9B19ECCC1B8E184D00552D11 /* Character.swift */,
				A5013B121B8E821700AD3B6C /* SpeechSynthesizer.swift */,
				A5B0FF6F1B8EF7A100BA9584 /* Config.swift */,
				A5B0FF711B8EFD8700BA9584 /* Extensions.swift */,
				A5013AE81B8D9EB600AD3B6C /* Supporting Files */,
			);
			path = SpriteKitTankTalk;
			sourceTree = "<group>";
		};
		A5013AE81B8D9EB600AD3B6C /* Supporting Files */ = {
			isa = PBXGroup;
			children = (
				A5BC5F101B949FB900019376 /* overworld.mp3 */,
				9B93C6631B9360790059E555 /* 8BitLoop.mp3 */,
				9B19ECD61B8F5F0600552D11 /* html */,
				9B19ECCE1B8E1DDC00552D11 /* elf.atlas */,
				A5013AF21B8D9EB600AD3B6C /* Main.storyboard */,
				A5013AF51B8D9EB600AD3B6C /* Images.xcassets */,
				A5013AF71B8D9EB600AD3B6C /* LaunchScreen.xib */,
				9B19ECC91B8DF26800552D11 /* Config.plist */,
				A5013AE91B8D9EB600AD3B6C /* Info.plist */,
				A57418401B9049DC00A79A78 /* Fire.sks */,
				A57418411B9049DC00A79A78 /* spark.png */,
				A5BC5F0C1B94974100019376 /* Piro.sks */,
				A5BC5F0D1B94974100019376 /* spark.png */,
				9B3D662E1B99C42900B4EEB9 /* Portal.sks */,
			);
			name = "Supporting Files";
			sourceTree = "<group>";
		};
		A5013B011B8D9EB600AD3B6C /* SpriteKitTankTalkTests */ = {
			isa = PBXGroup;
			children = (
				A5013B041B8D9EB600AD3B6C /* SpriteKitTankTalkTests.swift */,
				A5013B021B8D9EB600AD3B6C /* Supporting Files */,
			);
			path = SpriteKitTankTalkTests;
			sourceTree = "<group>";
		};
		A5013B021B8D9EB600AD3B6C /* Supporting Files */ = {
			isa = PBXGroup;
			children = (
				A5013B031B8D9EB600AD3B6C /* Info.plist */,
			);
			name = "Supporting Files";
			sourceTree = "<group>";
		};
/* End PBXGroup section */

/* Begin PBXNativeTarget section */
		A5013AE41B8D9EB600AD3B6C /* SpriteKitTankTalk */ = {
			isa = PBXNativeTarget;
			buildConfigurationList = A5013B081B8D9EB600AD3B6C /* Build configuration list for PBXNativeTarget "SpriteKitTankTalk" */;
			buildPhases = (
				A5013AE11B8D9EB600AD3B6C /* Sources */,
				A5013AE21B8D9EB600AD3B6C /* Frameworks */,
				A5013AE31B8D9EB600AD3B6C /* Resources */,
			);
			buildRules = (
			);
			dependencies = (
			);
			name = SpriteKitTankTalk;
			productName = SpriteKitTankTalk;
			productReference = A5013AE51B8D9EB600AD3B6C /* SpriteKitTankTalk.app */;
			productType = "com.apple.product-type.application";
		};
		A5013AFD1B8D9EB600AD3B6C /* SpriteKitTankTalkTests */ = {
			isa = PBXNativeTarget;
			buildConfigurationList = A5013B0B1B8D9EB600AD3B6C /* Build configuration list for PBXNativeTarget "SpriteKitTankTalkTests" */;
			buildPhases = (
				A5013AFA1B8D9EB600AD3B6C /* Sources */,
				A5013AFB1B8D9EB600AD3B6C /* Frameworks */,
				A5013AFC1B8D9EB600AD3B6C /* Resources */,
			);
			buildRules = (
			);
			dependencies = (
				A5013B001B8D9EB600AD3B6C /* PBXTargetDependency */,
			);
			name = SpriteKitTankTalkTests;
			productName = SpriteKitTankTalkTests;
			productReference = A5013AFE1B8D9EB600AD3B6C /* SpriteKitTankTalkTests.xctest */;
			productType = "com.apple.product-type.bundle.unit-test";
		};
/* End PBXNativeTarget section */

/* Begin PBXProject section */
		A5013ADD1B8D9EB600AD3B6C /* Project object */ = {
			isa = PBXProject;
			attributes = {
				LastSwiftMigration = 0700;
				LastSwiftUpdateCheck = 0700;
				LastUpgradeCheck = 0700;
				ORGANIZATIONNAME = frison;
				TargetAttributes = {
					A5013AE41B8D9EB600AD3B6C = {
						CreatedOnToolsVersion = 6.4;
						DevelopmentTeam = 4V348KA677;
					};
					A5013AFD1B8D9EB600AD3B6C = {
						CreatedOnToolsVersion = 6.4;
						TestTargetID = A5013AE41B8D9EB600AD3B6C;
					};
				};
			};
			buildConfigurationList = A5013AE01B8D9EB600AD3B6C /* Build configuration list for PBXProject "SpriteKitTankTalk" */;
			compatibilityVersion = "Xcode 3.2";
			developmentRegion = English;
			hasScannedForEncodings = 0;
			knownRegions = (
				en,
				Base,
			);
			mainGroup = A5013ADC1B8D9EB600AD3B6C;
			productRefGroup = A5013AE61B8D9EB600AD3B6C /* Products */;
			projectDirPath = "";
			projectRoot = "";
			targets = (
				A5013AE41B8D9EB600AD3B6C /* SpriteKitTankTalk */,
				A5013AFD1B8D9EB600AD3B6C /* SpriteKitTankTalkTests */,
			);
		};
/* End PBXProject section */

/* Begin PBXResourcesBuildPhase section */
		A5013AE31B8D9EB600AD3B6C /* Resources */ = {
			isa = PBXResourcesBuildPhase;
			buildActionMask = 2147483647;
			files = (
				A574183D1B8FD2BB00A79A78 /* source_7.html in Resources */,
				9B19ECE61B9073DF00552D11 /* GameScene8.sks in Resources */,
				A5013AF91B8D9EB600AD3B6C /* LaunchScreen.xib in Resources */,
				A574183F1B8FD33300A79A78 /* GameScene7.sks in Resources */,
				A57418391B8FC98400A79A78 /* GameScene6.sks in Resources */,
				A5013AF61B8D9EB600AD3B6C /* Images.xcassets in Resources */,
				9B1737281B8DD5C00033BEAD /* GameScene1.sks in Resources */,
				9B19ECCF1B8E1DDC00552D11 /* elf.atlas in Resources */,
				9B17372A1B8DD5C00033BEAD /* GameScene3.sks in Resources */,
				9B19ECDC1B8F5F0600552D11 /* source_3.html in Resources */,
				A57418371B8FC92800A79A78 /* source_6.html in Resources */,
				9B19ECE81B9073ED00552D11 /* source_8.html in Resources */,
				A57418431B9049DC00A79A78 /* spark.png in Resources */,
				A5013AF41B8D9EB600AD3B6C /* Main.storyboard in Resources */,
				9B19ECDB1B8F5F0600552D11 /* source_2.html in Resources */,
				A5BC5F0E1B94974100019376 /* Piro.sks in Resources */,
				9B1737291B8DD5C00033BEAD /* GameScene2.sks in Resources */,
				A57418421B9049DC00A79A78 /* Fire.sks in Resources */,
				A5BC5F111B949FB900019376 /* overworld.mp3 in Resources */,
				9B2B45D01B970AB000092DC3 /* source_10.html in Resources */,
				9B93C6641B9360790059E555 /* 8BitLoop.mp3 in Resources */,
				9B19ECE01B8F707400552D11 /* source_4.html in Resources */,
				9B19ECE21B8F729E00552D11 /* GameScene5.sks in Resources */,
				9B2B45CE1B970A7400092DC3 /* GameScene10.sks in Resources */,
				9B945DA71B908956009094AE /* GameScene9.sks in Resources */,
				9B19ECE41B8F735900552D11 /* source_5.html in Resources */,
				A5BC5F0F1B94974100019376 /* spark.png in Resources */,
				9B3D662F1B99C42900B4EEB9 /* Portal.sks in Resources */,
				9B19ECDE1B8F6E2800552D11 /* GameScene4.sks in Resources */,
				9B19ECCA1B8DF26800552D11 /* Config.plist in Resources */,
				9B945DA31B90893A009094AE /* source_9.html in Resources */,
				9B19ECDA1B8F5F0600552D11 /* source_1.html in Resources */,
			);
			runOnlyForDeploymentPostprocessing = 0;
		};
		A5013AFC1B8D9EB600AD3B6C /* Resources */ = {
			isa = PBXResourcesBuildPhase;
			buildActionMask = 2147483647;
			files = (
			);
			runOnlyForDeploymentPostprocessing = 0;
		};
/* End PBXResourcesBuildPhase section */

/* Begin PBXSourcesBuildPhase section */
		A5013AE11B8D9EB600AD3B6C /* Sources */ = {
			isa = PBXSourcesBuildPhase;
			buildActionMask = 2147483647;
			files = (
				A5013AEF1B8D9EB600AD3B6C /* GameScene.swift in Sources */,
				A5B0FF721B8EFD8700BA9584 /* Extensions.swift in Sources */,
				9B93C6601B90BBAA0059E555 /* SpeakBoxController.swift in Sources */,
				9B19ECD31B8F4EDC00552D11 /* TestViewController.swift in Sources */,
				A5013AF11B8D9EB600AD3B6C /* GameViewController.swift in Sources */,
				A5013B0F1B8D9F5500AD3B6C /* GameSceneGenerator.swift in Sources */,
				9B19ECCD1B8E184D00552D11 /* Character.swift in Sources */,
				9B19ECC81B8DDD7800552D11 /* CodeViewController.swift in Sources */,
				A5B0FF701B8EF7A100BA9584 /* Config.swift in Sources */,
				A5013B131B8E821700AD3B6C /* SpeechSynthesizer.swift in Sources */,
				9B19ECD51B8F575500552D11 /* OptionsViewController.swift in Sources */,
				A5013AEB1B8D9EB600AD3B6C /* AppDelegate.swift in Sources */,
				9B19ECD11B8F3F8100552D11 /* GameExtensions.swift in Sources */,
			);
			runOnlyForDeploymentPostprocessing = 0;
		};
		A5013AFA1B8D9EB600AD3B6C /* Sources */ = {
			isa = PBXSourcesBuildPhase;
			buildActionMask = 2147483647;
			files = (
				A5013B051B8D9EB600AD3B6C /* SpriteKitTankTalkTests.swift in Sources */,
			);
			runOnlyForDeploymentPostprocessing = 0;
		};
/* End PBXSourcesBuildPhase section */

/* Begin PBXTargetDependency section */
		A5013B001B8D9EB600AD3B6C /* PBXTargetDependency */ = {
			isa = PBXTargetDependency;
			target = A5013AE41B8D9EB600AD3B6C /* SpriteKitTankTalk */;
			targetProxy = A5013AFF1B8D9EB600AD3B6C /* PBXContainerItemProxy */;
		};
/* End PBXTargetDependency section */

/* Begin PBXVariantGroup section */
		A5013AF21B8D9EB600AD3B6C /* Main.storyboard */ = {
			isa = PBXVariantGroup;
			children = (
				A5013AF31B8D9EB600AD3B6C /* Base */,
			);
			name = Main.storyboard;
			sourceTree = "<group>";
		};
		A5013AF71B8D9EB600AD3B6C /* LaunchScreen.xib */ = {
			isa = PBXVariantGroup;
			children = (
				A5013AF81B8D9EB600AD3B6C /* Base */,
			);
			name = LaunchScreen.xib;
			sourceTree = "<group>";
		};
/* End PBXVariantGroup section */

/* Begin XCBuildConfiguration section */
		A5013B061B8D9EB600AD3B6C /* Debug */ = {
			isa = XCBuildConfiguration;
			buildSettings = {
				ALWAYS_SEARCH_USER_PATHS = NO;
				CLANG_CXX_LANGUAGE_STANDARD = "gnu++0x";
				CLANG_CXX_LIBRARY = "libc++";
				CLANG_ENABLE_MODULES = YES;
				CLANG_ENABLE_OBJC_ARC = YES;
				CLANG_WARN_BOOL_CONVERSION = YES;
				CLANG_WARN_CONSTANT_CONVERSION = YES;
				CLANG_WARN_DIRECT_OBJC_ISA_USAGE = YES_ERROR;
				CLANG_WARN_EMPTY_BODY = YES;
				CLANG_WARN_ENUM_CONVERSION = YES;
				CLANG_WARN_INT_CONVERSION = YES;
				CLANG_WARN_OBJC_ROOT_CLASS = YES_ERROR;
				CLANG_WARN_UNREACHABLE_CODE = YES;
				CLANG_WARN__DUPLICATE_METHOD_MATCH = YES;
				"CODE_SIGN_IDENTITY[sdk=iphoneos*]" = "iPhone Developer";
				COPY_PHASE_STRIP = NO;
				DEBUG_INFORMATION_FORMAT = "dwarf-with-dsym";
				ENABLE_STRICT_OBJC_MSGSEND = YES;
				ENABLE_TESTABILITY = YES;
				GCC_C_LANGUAGE_STANDARD = gnu99;
				GCC_DYNAMIC_NO_PIC = NO;
				GCC_NO_COMMON_BLOCKS = YES;
				GCC_OPTIMIZATION_LEVEL = 0;
				GCC_PREPROCESSOR_DEFINITIONS = (
					"DEBUG=1",
					"$(inherited)",
				);
				GCC_SYMBOLS_PRIVATE_EXTERN = NO;
				GCC_WARN_64_TO_32_BIT_CONVERSION = YES;
				GCC_WARN_ABOUT_RETURN_TYPE = YES_ERROR;
				GCC_WARN_UNDECLARED_SELECTOR = YES;
				GCC_WARN_UNINITIALIZED_AUTOS = YES_AGGRESSIVE;
				GCC_WARN_UNUSED_FUNCTION = YES;
				GCC_WARN_UNUSED_VARIABLE = YES;
				IPHONEOS_DEPLOYMENT_TARGET = 8.4;
				MTL_ENABLE_DEBUG_INFO = YES;
				ONLY_ACTIVE_ARCH = YES;
				SDKROOT = iphoneos;
				SWIFT_OPTIMIZATION_LEVEL = "-Onone";
				TARGETED_DEVICE_FAMILY = 2;
			};
			name = Debug;
		};
		A5013B071B8D9EB600AD3B6C /* Release */ = {
			isa = XCBuildConfiguration;
			buildSettings = {
				ALWAYS_SEARCH_USER_PATHS = NO;
				CLANG_CXX_LANGUAGE_STANDARD = "gnu++0x";
				CLANG_CXX_LIBRARY = "libc++";
				CLANG_ENABLE_MODULES = YES;
				CLANG_ENABLE_OBJC_ARC = YES;
				CLANG_WARN_BOOL_CONVERSION = YES;
				CLANG_WARN_CONSTANT_CONVERSION = YES;
				CLANG_WARN_DIRECT_OBJC_ISA_USAGE = YES_ERROR;
				CLANG_WARN_EMPTY_BODY = YES;
				CLANG_WARN_ENUM_CONVERSION = YES;
				CLANG_WARN_INT_CONVERSION = YES;
				CLANG_WARN_OBJC_ROOT_CLASS = YES_ERROR;
				CLANG_WARN_UNREACHABLE_CODE = YES;
				CLANG_WARN__DUPLICATE_METHOD_MATCH = YES;
				"CODE_SIGN_IDENTITY[sdk=iphoneos*]" = "iPhone Developer";
				COPY_PHASE_STRIP = NO;
				DEBUG_INFORMATION_FORMAT = "dwarf-with-dsym";
				ENABLE_NS_ASSERTIONS = NO;
				ENABLE_STRICT_OBJC_MSGSEND = YES;
				GCC_C_LANGUAGE_STANDARD = gnu99;
				GCC_NO_COMMON_BLOCKS = YES;
				GCC_WARN_64_TO_32_BIT_CONVERSION = YES;
				GCC_WARN_ABOUT_RETURN_TYPE = YES_ERROR;
				GCC_WARN_UNDECLARED_SELECTOR = YES;
				GCC_WARN_UNINITIALIZED_AUTOS = YES_AGGRESSIVE;
				GCC_WARN_UNUSED_FUNCTION = YES;
				GCC_WARN_UNUSED_VARIABLE = YES;
				IPHONEOS_DEPLOYMENT_TARGET = 8.4;
				MTL_ENABLE_DEBUG_INFO = NO;
				SDKROOT = iphoneos;
				TARGETED_DEVICE_FAMILY = 2;
				VALIDATE_PRODUCT = YES;
			};
			name = Release;
		};
		A5013B091B8D9EB600AD3B6C /* Debug */ = {
			isa = XCBuildConfiguration;
			buildSettings = {
				ASSETCATALOG_COMPILER_APPICON_NAME = AppIcon;
				CODE_SIGN_IDENTITY = "iPhone Developer";
				"CODE_SIGN_IDENTITY[sdk=iphoneos*]" = "iPhone Developer";
				INFOPLIST_FILE = SpriteKitTankTalk/Info.plist;
				IPHONEOS_DEPLOYMENT_TARGET = 9.0;
				LD_RUNPATH_SEARCH_PATHS = "$(inherited) @executable_path/Frameworks";
				PRODUCT_BUNDLE_IDENTIFIER = "co.frison.$(PRODUCT_NAME:rfc1034identifier)";
				PRODUCT_NAME = "$(TARGET_NAME)";
				PROVISIONING_PROFILE = "";
			};
			name = Debug;
		};
		A5013B0A1B8D9EB600AD3B6C /* Release */ = {
			isa = XCBuildConfiguration;
			buildSettings = {
				ASSETCATALOG_COMPILER_APPICON_NAME = AppIcon;
				CODE_SIGN_IDENTITY = "iPhone Developer";
				"CODE_SIGN_IDENTITY[sdk=iphoneos*]" = "iPhone Developer";
				INFOPLIST_FILE = SpriteKitTankTalk/Info.plist;
				IPHONEOS_DEPLOYMENT_TARGET = 9.0;
				LD_RUNPATH_SEARCH_PATHS = "$(inherited) @executable_path/Frameworks";
				PRODUCT_BUNDLE_IDENTIFIER = "co.frison.$(PRODUCT_NAME:rfc1034identifier)";
				PRODUCT_NAME = "$(TARGET_NAME)";
				PROVISIONING_PROFILE = "";
			};
			name = Release;
		};
		A5013B0C1B8D9EB600AD3B6C /* Debug */ = {
			isa = XCBuildConfiguration;
			buildSettings = {
				BUNDLE_LOADER = "$(TEST_HOST)";
				FRAMEWORK_SEARCH_PATHS = (
					"$(SDKROOT)/Developer/Library/Frameworks",
					"$(inherited)",
				);
				GCC_PREPROCESSOR_DEFINITIONS = (
					"DEBUG=1",
					"$(inherited)",
				);
				INFOPLIST_FILE = SpriteKitTankTalkTests/Info.plist;
				LD_RUNPATH_SEARCH_PATHS = "$(inherited) @executable_path/Frameworks @loader_path/Frameworks";
				PRODUCT_BUNDLE_IDENTIFIER = "co.frison.$(PRODUCT_NAME:rfc1034identifier)";
				PRODUCT_NAME = "$(TARGET_NAME)";
				TEST_HOST = "$(BUILT_PRODUCTS_DIR)/SpriteKitTankTalk.app/SpriteKitTankTalk";
			};
			name = Debug;
		};
		A5013B0D1B8D9EB600AD3B6C /* Release */ = {
			isa = XCBuildConfiguration;
			buildSettings = {
				BUNDLE_LOADER = "$(TEST_HOST)";
				FRAMEWORK_SEARCH_PATHS = (
					"$(SDKROOT)/Developer/Library/Frameworks",
					"$(inherited)",
				);
				INFOPLIST_FILE = SpriteKitTankTalkTests/Info.plist;
				LD_RUNPATH_SEARCH_PATHS = "$(inherited) @executable_path/Frameworks @loader_path/Frameworks";
				PRODUCT_BUNDLE_IDENTIFIER = "co.frison.$(PRODUCT_NAME:rfc1034identifier)";
				PRODUCT_NAME = "$(TARGET_NAME)";
				TEST_HOST = "$(BUILT_PRODUCTS_DIR)/SpriteKitTankTalk.app/SpriteKitTankTalk";
			};
			name = Release;
		};
/* End XCBuildConfiguration section */

/* Begin XCConfigurationList section */
		A5013AE01B8D9EB600AD3B6C /* Build configuration list for PBXProject "SpriteKitTankTalk" */ = {
			isa = XCConfigurationList;
			buildConfigurations = (
				A5013B061B8D9EB600AD3B6C /* Debug */,
				A5013B071B8D9EB600AD3B6C /* Release */,
			);
			defaultConfigurationIsVisible = 0;
			defaultConfigurationName = Release;
		};
		A5013B081B8D9EB600AD3B6C /* Build configuration list for PBXNativeTarget "SpriteKitTankTalk" */ = {
			isa = XCConfigurationList;
			buildConfigurations = (
				A5013B091B8D9EB600AD3B6C /* Debug */,
				A5013B0A1B8D9EB600AD3B6C /* Release */,
			);
			defaultConfigurationIsVisible = 0;
			defaultConfigurationName = Release;
		};
		A5013B0B1B8D9EB600AD3B6C /* Build configuration list for PBXNativeTarget "SpriteKitTankTalkTests" */ = {
			isa = XCConfigurationList;
			buildConfigurations = (
				A5013B0C1B8D9EB600AD3B6C /* Debug */,
				A5013B0D1B8D9EB600AD3B6C /* Release */,
			);
			defaultConfigurationIsVisible = 0;
			defaultConfigurationName = Release;
		};
/* End XCConfigurationList section */
	};
	rootObject = A5013ADD1B8D9EB600AD3B6C /* Project object */;
}
